// !$*UTF8*$!
{
	archiveVersion = 1;
	classes = {
	};
	objectVersion = 56;
	objects = {

/* Begin PBXBuildFile section */
		D698B5CD2A77D2F200ED3D28 /* AppDelegate.swift in Sources */ = {isa = PBXBuildFile; fileRef = D698B5CC2A77D2F200ED3D28 /* AppDelegate.swift */; };
		D698B5CF2A77D2F200ED3D28 /* SceneDelegate.swift in Sources */ = {isa = PBXBuildFile; fileRef = D698B5CE2A77D2F200ED3D28 /* SceneDelegate.swift */; };
		D698B5D12A77D2F200ED3D28 /* ViewController.swift in Sources */ = {isa = PBXBuildFile; fileRef = D698B5D02A77D2F200ED3D28 /* ViewController.swift */; };
		D698B5D42A77D2F200ED3D28 /* Main.storyboard in Resources */ = {isa = PBXBuildFile; fileRef = D698B5D22A77D2F200ED3D28 /* Main.storyboard */; };
		D698B5D62A77D2F400ED3D28 /* Assets.xcassets in Resources */ = {isa = PBXBuildFile; fileRef = D698B5D52A77D2F400ED3D28 /* Assets.xcassets */; };
		D698B5D92A77D2F400ED3D28 /* LaunchScreen.storyboard in Resources */ = {isa = PBXBuildFile; fileRef = D698B5D72A77D2F400ED3D28 /* LaunchScreen.storyboard */; };
		D698B5E12A77D38B00ED3D28 /* BookWormCollectionViewController.swift in Sources */ = {isa = PBXBuildFile; fileRef = D698B5E02A77D38B00ED3D28 /* BookWormCollectionViewController.swift */; };
		D698B5E42A77D3E200ED3D28 /* BookWormCollectionViewCell.swift in Sources */ = {isa = PBXBuildFile; fileRef = D698B5E22A77D3E200ED3D28 /* BookWormCollectionViewCell.swift */; };
		D698B5E52A77D3E200ED3D28 /* BookWormCollectionViewCell.xib in Resources */ = {isa = PBXBuildFile; fileRef = D698B5E32A77D3E200ED3D28 /* BookWormCollectionViewCell.xib */; };
		D698B5E92A77D87800ED3D28 /* Movie.swift in Sources */ = {isa = PBXBuildFile; fileRef = D698B5E82A77D87800ED3D28 /* Movie.swift */; };
		D698B5EB2A77DD5700ED3D28 /* SearchViewController.swift in Sources */ = {isa = PBXBuildFile; fileRef = D698B5EA2A77DD5700ED3D28 /* SearchViewController.swift */; };
		D698B5ED2A77DD6400ED3D28 /* DetailViewController.swift in Sources */ = {isa = PBXBuildFile; fileRef = D698B5EC2A77DD6400ED3D28 /* DetailViewController.swift */; };
		D698B5EF2A7809B000ED3D28 /* Extension+UIColor.swift in Sources */ = {isa = PBXBuildFile; fileRef = D698B5EE2A7809B000ED3D28 /* Extension+UIColor.swift */; };
		D698B5F62A79D92300ED3D28 /* MovieInfo.swift in Sources */ = {isa = PBXBuildFile; fileRef = D698B5F52A79D92300ED3D28 /* MovieInfo.swift */; };
		D698B5FC2A7A386F00ED3D28 /* LookingViewController.swift in Sources */ = {isa = PBXBuildFile; fileRef = D698B5FB2A7A386F00ED3D28 /* LookingViewController.swift */; };
		D698B6012A7A3DEF00ED3D28 /* LookingTableViewCell.swift in Sources */ = {isa = PBXBuildFile; fileRef = D698B5FF2A7A3DEF00ED3D28 /* LookingTableViewCell.swift */; };
		D698B6022A7A3DEF00ED3D28 /* LookingTableViewCell.xib in Resources */ = {isa = PBXBuildFile; fileRef = D698B6002A7A3DEF00ED3D28 /* LookingTableViewCell.xib */; };
		D698B6052A7A4A4500ED3D28 /* LookingCollectionViewCell.swift in Sources */ = {isa = PBXBuildFile; fileRef = D698B6032A7A4A4500ED3D28 /* LookingCollectionViewCell.swift */; };
		D698B6062A7A4A4500ED3D28 /* LookingCollectionViewCell.xib in Resources */ = {isa = PBXBuildFile; fileRef = D698B6042A7A4A4500ED3D28 /* LookingCollectionViewCell.xib */; };
/* End PBXBuildFile section */

/* Begin PBXFileReference section */
		D698B5C92A77D2F200ED3D28 /* BookWorm.app */ = {isa = PBXFileReference; explicitFileType = wrapper.application; includeInIndex = 0; path = BookWorm.app; sourceTree = BUILT_PRODUCTS_DIR; };
		D698B5CC2A77D2F200ED3D28 /* AppDelegate.swift */ = {isa = PBXFileReference; lastKnownFileType = sourcecode.swift; path = AppDelegate.swift; sourceTree = "<group>"; };
		D698B5CE2A77D2F200ED3D28 /* SceneDelegate.swift */ = {isa = PBXFileReference; lastKnownFileType = sourcecode.swift; path = SceneDelegate.swift; sourceTree = "<group>"; };
		D698B5D02A77D2F200ED3D28 /* ViewController.swift */ = {isa = PBXFileReference; lastKnownFileType = sourcecode.swift; path = ViewController.swift; sourceTree = "<group>"; };
		D698B5D32A77D2F200ED3D28 /* Base */ = {isa = PBXFileReference; lastKnownFileType = file.storyboard; name = Base; path = Base.lproj/Main.storyboard; sourceTree = "<group>"; };
		D698B5D52A77D2F400ED3D28 /* Assets.xcassets */ = {isa = PBXFileReference; lastKnownFileType = folder.assetcatalog; path = Assets.xcassets; sourceTree = "<group>"; };
		D698B5D82A77D2F400ED3D28 /* Base */ = {isa = PBXFileReference; lastKnownFileType = file.storyboard; name = Base; path = Base.lproj/LaunchScreen.storyboard; sourceTree = "<group>"; };
		D698B5DA2A77D2F400ED3D28 /* Info.plist */ = {isa = PBXFileReference; lastKnownFileType = text.plist.xml; path = Info.plist; sourceTree = "<group>"; };
		D698B5E02A77D38B00ED3D28 /* BookWormCollectionViewController.swift */ = {isa = PBXFileReference; lastKnownFileType = sourcecode.swift; path = BookWormCollectionViewController.swift; sourceTree = "<group>"; };
		D698B5E22A77D3E200ED3D28 /* BookWormCollectionViewCell.swift */ = {isa = PBXFileReference; lastKnownFileType = sourcecode.swift; path = BookWormCollectionViewCell.swift; sourceTree = "<group>"; };
		D698B5E32A77D3E200ED3D28 /* BookWormCollectionViewCell.xib */ = {isa = PBXFileReference; lastKnownFileType = file.xib; path = BookWormCollectionViewCell.xib; sourceTree = "<group>"; };
		D698B5E82A77D87800ED3D28 /* Movie.swift */ = {isa = PBXFileReference; lastKnownFileType = sourcecode.swift; path = Movie.swift; sourceTree = "<group>"; };
		D698B5EA2A77DD5700ED3D28 /* SearchViewController.swift */ = {isa = PBXFileReference; lastKnownFileType = sourcecode.swift; path = SearchViewController.swift; sourceTree = "<group>"; };
		D698B5EC2A77DD6400ED3D28 /* DetailViewController.swift */ = {isa = PBXFileReference; lastKnownFileType = sourcecode.swift; path = DetailViewController.swift; sourceTree = "<group>"; };
		D698B5EE2A7809B000ED3D28 /* Extension+UIColor.swift */ = {isa = PBXFileReference; lastKnownFileType = sourcecode.swift; path = "Extension+UIColor.swift"; sourceTree = "<group>"; };
		D698B5F52A79D92300ED3D28 /* MovieInfo.swift */ = {isa = PBXFileReference; fileEncoding = 4; lastKnownFileType = sourcecode.swift; path = MovieInfo.swift; sourceTree = "<group>"; };
		D698B5FB2A7A386F00ED3D28 /* LookingViewController.swift */ = {isa = PBXFileReference; lastKnownFileType = sourcecode.swift; path = LookingViewController.swift; sourceTree = "<group>"; };
		D698B5FF2A7A3DEF00ED3D28 /* LookingTableViewCell.swift */ = {isa = PBXFileReference; lastKnownFileType = sourcecode.swift; path = LookingTableViewCell.swift; sourceTree = "<group>"; };
		D698B6002A7A3DEF00ED3D28 /* LookingTableViewCell.xib */ = {isa = PBXFileReference; lastKnownFileType = file.xib; path = LookingTableViewCell.xib; sourceTree = "<group>"; };
		D698B6032A7A4A4500ED3D28 /* LookingCollectionViewCell.swift */ = {isa = PBXFileReference; lastKnownFileType = sourcecode.swift; path = LookingCollectionViewCell.swift; sourceTree = "<group>"; };
		D698B6042A7A4A4500ED3D28 /* LookingCollectionViewCell.xib */ = {isa = PBXFileReference; lastKnownFileType = file.xib; path = LookingCollectionViewCell.xib; sourceTree = "<group>"; };
/* End PBXFileReference section */

/* Begin PBXFrameworksBuildPhase section */
		D698B5C62A77D2F200ED3D28 /* Frameworks */ = {
			isa = PBXFrameworksBuildPhase;
			buildActionMask = 2147483647;
			files = (
			);
			runOnlyForDeploymentPostprocessing = 0;
		};
/* End PBXFrameworksBuildPhase section */

/* Begin PBXGroup section */
		D698B5C02A77D2F200ED3D28 = {
			isa = PBXGroup;
			children = (
				D698B5CB2A77D2F200ED3D28 /* BookWorm */,
				D698B5CA2A77D2F200ED3D28 /* Products */,
			);
			sourceTree = "<group>";
		};
		D698B5CA2A77D2F200ED3D28 /* Products */ = {
			isa = PBXGroup;
			children = (
				D698B5C92A77D2F200ED3D28 /* BookWorm.app */,
			);
			name = Products;
			sourceTree = "<group>";
		};
		D698B5CB2A77D2F200ED3D28 /* BookWorm */ = {
			isa = PBXGroup;
			children = (
				D698B5FE2A7A3DA300ED3D28 /* ViewController */,
				D698B5FD2A7A3D5400ED3D28 /* Cell */,
				D698B5CC2A77D2F200ED3D28 /* AppDelegate.swift */,
				D698B5CE2A77D2F200ED3D28 /* SceneDelegate.swift */,
				D698B5D22A77D2F200ED3D28 /* Main.storyboard */,
				D698B5EE2A7809B000ED3D28 /* Extension+UIColor.swift */,
				D698B5F52A79D92300ED3D28 /* MovieInfo.swift */,
				D698B5E82A77D87800ED3D28 /* Movie.swift */,
				D698B5D52A77D2F400ED3D28 /* Assets.xcassets */,
				D698B5D72A77D2F400ED3D28 /* LaunchScreen.storyboard */,
				D698B5DA2A77D2F400ED3D28 /* Info.plist */,
			);
			path = BookWorm;
			sourceTree = "<group>";
		};
		D698B5FD2A7A3D5400ED3D28 /* Cell */ = {
			isa = PBXGroup;
			children = (
				D698B5E22A77D3E200ED3D28 /* BookWormCollectionViewCell.swift */,
				D698B5E32A77D3E200ED3D28 /* BookWormCollectionViewCell.xib */,
				D698B5FF2A7A3DEF00ED3D28 /* LookingTableViewCell.swift */,
				D698B6002A7A3DEF00ED3D28 /* LookingTableViewCell.xib */,
				D698B6032A7A4A4500ED3D28 /* LookingCollectionViewCell.swift */,
				D698B6042A7A4A4500ED3D28 /* LookingCollectionViewCell.xib */,
			);
			path = Cell;
			sourceTree = "<group>";
		};
		D698B5FE2A7A3DA300ED3D28 /* ViewController */ = {
			isa = PBXGroup;
			children = (
				D698B5D02A77D2F200ED3D28 /* ViewController.swift */,
				D698B5FB2A7A386F00ED3D28 /* LookingViewController.swift */,
				D698B5EA2A77DD5700ED3D28 /* SearchViewController.swift */,
				D698B5EC2A77DD6400ED3D28 /* DetailViewController.swift */,
				D698B5E02A77D38B00ED3D28 /* BookWormCollectionViewController.swift */,
			);
			path = ViewController;
			sourceTree = "<group>";
		};
/* End PBXGroup section */

/* Begin PBXNativeTarget section */
		D698B5C82A77D2F200ED3D28 /* BookWorm */ = {
			isa = PBXNativeTarget;
			buildConfigurationList = D698B5DD2A77D2F400ED3D28 /* Build configuration list for PBXNativeTarget "BookWorm" */;
			buildPhases = (
				D698B5C52A77D2F200ED3D28 /* Sources */,
				D698B5C62A77D2F200ED3D28 /* Frameworks */,
				D698B5C72A77D2F200ED3D28 /* Resources */,
			);
			buildRules = (
			);
			dependencies = (
			);
			name = BookWorm;
			productName = BookWorm;
			productReference = D698B5C92A77D2F200ED3D28 /* BookWorm.app */;
			productType = "com.apple.product-type.application";
		};
/* End PBXNativeTarget section */

/* Begin PBXProject section */
		D698B5C12A77D2F200ED3D28 /* Project object */ = {
			isa = PBXProject;
			attributes = {
				BuildIndependentTargetsInParallel = 1;
				LastSwiftUpdateCheck = 1430;
				LastUpgradeCheck = 1430;
				TargetAttributes = {
					D698B5C82A77D2F200ED3D28 = {
						CreatedOnToolsVersion = 14.3.1;
					};
				};
			};
			buildConfigurationList = D698B5C42A77D2F200ED3D28 /* Build configuration list for PBXProject "BookWorm" */;
			compatibilityVersion = "Xcode 14.0";
			developmentRegion = en;
			hasScannedForEncodings = 0;
			knownRegions = (
				en,
				Base,
			);
			mainGroup = D698B5C02A77D2F200ED3D28;
			productRefGroup = D698B5CA2A77D2F200ED3D28 /* Products */;
			projectDirPath = "";
			projectRoot = "";
			targets = (
				D698B5C82A77D2F200ED3D28 /* BookWorm */,
			);
		};
/* End PBXProject section */

/* Begin PBXResourcesBuildPhase section */
		D698B5C72A77D2F200ED3D28 /* Resources */ = {
			isa = PBXResourcesBuildPhase;
			buildActionMask = 2147483647;
			files = (
				D698B5D92A77D2F400ED3D28 /* LaunchScreen.storyboard in Resources */,
				D698B5D62A77D2F400ED3D28 /* Assets.xcassets in Resources */,
				D698B5E52A77D3E200ED3D28 /* BookWormCollectionViewCell.xib in Resources */,
				D698B5D42A77D2F200ED3D28 /* Main.storyboard in Resources */,
				D698B6062A7A4A4500ED3D28 /* LookingCollectionViewCell.xib in Resources */,
				D698B6022A7A3DEF00ED3D28 /* LookingTableViewCell.xib in Resources */,
			);
			runOnlyForDeploymentPostprocessing = 0;
		};
/* End PBXResourcesBuildPhase section */

/* Begin PBXSourcesBuildPhase section */
		D698B5C52A77D2F200ED3D28 /* Sources */ = {
			isa = PBXSourcesBuildPhase;
			buildActionMask = 2147483647;
			files = (
				D698B5EF2A7809B000ED3D28 /* Extension+UIColor.swift in Sources */,
				D698B5ED2A77DD6400ED3D28 /* DetailViewController.swift in Sources */,
				D698B5E92A77D87800ED3D28 /* Movie.swift in Sources */,
				D698B5E12A77D38B00ED3D28 /* BookWormCollectionViewController.swift in Sources */,
				D698B6052A7A4A4500ED3D28 /* LookingCollectionViewCell.swift in Sources */,
				D698B5EB2A77DD5700ED3D28 /* SearchViewController.swift in Sources */,
				D698B5D12A77D2F200ED3D28 /* ViewController.swift in Sources */,
				D698B5F62A79D92300ED3D28 /* MovieInfo.swift in Sources */,
				D698B5CD2A77D2F200ED3D28 /* AppDelegate.swift in Sources */,
				D698B5E42A77D3E200ED3D28 /* BookWormCollectionViewCell.swift in Sources */,
				D698B5FC2A7A386F00ED3D28 /* LookingViewController.swift in Sources */,
				D698B5CF2A77D2F200ED3D28 /* SceneDelegate.swift in Sources */,
				D698B6012A7A3DEF00ED3D28 /* LookingTableViewCell.swift in Sources */,
			);
			runOnlyForDeploymentPostprocessing = 0;
		};
/* End PBXSourcesBuildPhase section */

/* Begin PBXVariantGroup section */
		D698B5D22A77D2F200ED3D28 /* Main.storyboard */ = {
			isa = PBXVariantGroup;
			children = (
				D698B5D32A77D2F200ED3D28 /* Base */,
			);
			name = Main.storyboard;
			sourceTree = "<group>";
		};
		D698B5D72A77D2F400ED3D28 /* LaunchScreen.storyboard */ = {
			isa = PBXVariantGroup;
			children = (
				D698B5D82A77D2F400ED3D28 /* Base */,
			);
			name = LaunchScreen.storyboard;
			sourceTree = "<group>";
		};
/* End PBXVariantGroup section */

/* Begin XCBuildConfiguration section */
		D698B5DB2A77D2F400ED3D28 /* Debug */ = {
			isa = XCBuildConfiguration;
			buildSettings = {
				ALWAYS_SEARCH_USER_PATHS = NO;
				CLANG_ANALYZER_NONNULL = YES;
				CLANG_ANALYZER_NUMBER_OBJECT_CONVERSION = YES_AGGRESSIVE;
				CLANG_CXX_LANGUAGE_STANDARD = "gnu++20";
				CLANG_ENABLE_MODULES = YES;
				CLANG_ENABLE_OBJC_ARC = YES;
				CLANG_ENABLE_OBJC_WEAK = YES;
				CLANG_WARN_BLOCK_CAPTURE_AUTORELEASING = YES;
				CLANG_WARN_BOOL_CONVERSION = YES;
				CLANG_WARN_COMMA = YES;
				CLANG_WARN_CONSTANT_CONVERSION = YES;
				CLANG_WARN_DEPRECATED_OBJC_IMPLEMENTATIONS = YES;
				CLANG_WARN_DIRECT_OBJC_ISA_USAGE = YES_ERROR;
				CLANG_WARN_DOCUMENTATION_COMMENTS = YES;
				CLANG_WARN_EMPTY_BODY = YES;
				CLANG_WARN_ENUM_CONVERSION = YES;
				CLANG_WARN_INFINITE_RECURSION = YES;
				CLANG_WARN_INT_CONVERSION = YES;
				CLANG_WARN_NON_LITERAL_NULL_CONVERSION = YES;
				CLANG_WARN_OBJC_IMPLICIT_RETAIN_SELF = YES;
				CLANG_WARN_OBJC_LITERAL_CONVERSION = YES;
				CLANG_WARN_OBJC_ROOT_CLASS = YES_ERROR;
				CLANG_WARN_QUOTED_INCLUDE_IN_FRAMEWORK_HEADER = YES;
				CLANG_WARN_RANGE_LOOP_ANALYSIS = YES;
				CLANG_WARN_STRICT_PROTOTYPES = YES;
				CLANG_WARN_SUSPICIOUS_MOVE = YES;
				CLANG_WARN_UNGUARDED_AVAILABILITY = YES_AGGRESSIVE;
				CLANG_WARN_UNREACHABLE_CODE = YES;
				CLANG_WARN__DUPLICATE_METHOD_MATCH = YES;
				COPY_PHASE_STRIP = NO;
				DEBUG_INFORMATION_FORMAT = dwarf;
				ENABLE_STRICT_OBJC_MSGSEND = YES;
				ENABLE_TESTABILITY = YES;
				GCC_C_LANGUAGE_STANDARD = gnu11;
				GCC_DYNAMIC_NO_PIC = NO;
				GCC_NO_COMMON_BLOCKS = YES;
				GCC_OPTIMIZATION_LEVEL = 0;
				GCC_PREPROCESSOR_DEFINITIONS = (
					"DEBUG=1",
					"$(inherited)",
				);
				GCC_WARN_64_TO_32_BIT_CONVERSION = YES;
				GCC_WARN_ABOUT_RETURN_TYPE = YES_ERROR;
				GCC_WARN_UNDECLARED_SELECTOR = YES;
				GCC_WARN_UNINITIALIZED_AUTOS = YES_AGGRESSIVE;
				GCC_WARN_UNUSED_FUNCTION = YES;
				GCC_WARN_UNUSED_VARIABLE = YES;
				IPHONEOS_DEPLOYMENT_TARGET = 16.4;
				MTL_ENABLE_DEBUG_INFO = INCLUDE_SOURCE;
				MTL_FAST_MATH = YES;
				ONLY_ACTIVE_ARCH = YES;
				SDKROOT = iphoneos;
				SWIFT_ACTIVE_COMPILATION_CONDITIONS = DEBUG;
				SWIFT_OPTIMIZATION_LEVEL = "-Onone";
			};
			name = Debug;
		};
		D698B5DC2A77D2F400ED3D28 /* Release */ = {
			isa = XCBuildConfiguration;
			buildSettings = {
				ALWAYS_SEARCH_USER_PATHS = NO;
				CLANG_ANALYZER_NONNULL = YES;
				CLANG_ANALYZER_NUMBER_OBJECT_CONVERSION = YES_AGGRESSIVE;
				CLANG_CXX_LANGUAGE_STANDARD = "gnu++20";
				CLANG_ENABLE_MODULES = YES;
				CLANG_ENABLE_OBJC_ARC = YES;
				CLANG_ENABLE_OBJC_WEAK = YES;
				CLANG_WARN_BLOCK_CAPTURE_AUTORELEASING = YES;
				CLANG_WARN_BOOL_CONVERSION = YES;
				CLANG_WARN_COMMA = YES;
				CLANG_WARN_CONSTANT_CONVERSION = YES;
				CLANG_WARN_DEPRECATED_OBJC_IMPLEMENTATIONS = YES;
				CLANG_WARN_DIRECT_OBJC_ISA_USAGE = YES_ERROR;
				CLANG_WARN_DOCUMENTATION_COMMENTS = YES;
				CLANG_WARN_EMPTY_BODY = YES;
				CLANG_WARN_ENUM_CONVERSION = YES;
				CLANG_WARN_INFINITE_RECURSION = YES;
				CLANG_WARN_INT_CONVERSION = YES;
				CLANG_WARN_NON_LITERAL_NULL_CONVERSION = YES;
				CLANG_WARN_OBJC_IMPLICIT_RETAIN_SELF = YES;
				CLANG_WARN_OBJC_LITERAL_CONVERSION = YES;
				CLANG_WARN_OBJC_ROOT_CLASS = YES_ERROR;
				CLANG_WARN_QUOTED_INCLUDE_IN_FRAMEWORK_HEADER = YES;
				CLANG_WARN_RANGE_LOOP_ANALYSIS = YES;
				CLANG_WARN_STRICT_PROTOTYPES = YES;
				CLANG_WARN_SUSPICIOUS_MOVE = YES;
				CLANG_WARN_UNGUARDED_AVAILABILITY = YES_AGGRESSIVE;
				CLANG_WARN_UNREACHABLE_CODE = YES;
				CLANG_WARN__DUPLICATE_METHOD_MATCH = YES;
				COPY_PHASE_STRIP = NO;
				DEBUG_INFORMATION_FORMAT = "dwarf-with-dsym";
				ENABLE_NS_ASSERTIONS = NO;
				ENABLE_STRICT_OBJC_MSGSEND = YES;
				GCC_C_LANGUAGE_STANDARD = gnu11;
				GCC_NO_COMMON_BLOCKS = YES;
				GCC_WARN_64_TO_32_BIT_CONVERSION = YES;
				GCC_WARN_ABOUT_RETURN_TYPE = YES_ERROR;
				GCC_WARN_UNDECLARED_SELECTOR = YES;
				GCC_WARN_UNINITIALIZED_AUTOS = YES_AGGRESSIVE;
				GCC_WARN_UNUSED_FUNCTION = YES;
				GCC_WARN_UNUSED_VARIABLE = YES;
				IPHONEOS_DEPLOYMENT_TARGET = 16.4;
				MTL_ENABLE_DEBUG_INFO = NO;
				MTL_FAST_MATH = YES;
				SDKROOT = iphoneos;
				SWIFT_COMPILATION_MODE = wholemodule;
				SWIFT_OPTIMIZATION_LEVEL = "-O";
				VALIDATE_PRODUCT = YES;
			};
			name = Release;
		};
		D698B5DE2A77D2F400ED3D28 /* Debug */ = {
			isa = XCBuildConfiguration;
			buildSettings = {
				ASSETCATALOG_COMPILER_APPICON_NAME = AppIcon;
				ASSETCATALOG_COMPILER_GLOBAL_ACCENT_COLOR_NAME = AccentColor;
				CODE_SIGN_STYLE = Automatic;
				CURRENT_PROJECT_VERSION = 1;
				DEVELOPMENT_TEAM = Y7C6A3W353;
				GENERATE_INFOPLIST_FILE = YES;
				INFOPLIST_FILE = BookWorm/Info.plist;
				INFOPLIST_KEY_UIApplicationSupportsIndirectInputEvents = YES;
				INFOPLIST_KEY_UILaunchStoryboardName = LaunchScreen;
				INFOPLIST_KEY_UIMainStoryboardFile = Main;
				INFOPLIST_KEY_UISupportedInterfaceOrientations_iPad = "UIInterfaceOrientationPortrait UIInterfaceOrientationPortraitUpsideDown UIInterfaceOrientationLandscapeLeft UIInterfaceOrientationLandscapeRight";
				INFOPLIST_KEY_UISupportedInterfaceOrientations_iPhone = "UIInterfaceOrientationPortrait UIInterfaceOrientationLandscapeLeft UIInterfaceOrientationLandscapeRight";
				IPHONEOS_DEPLOYMENT_TARGET = 16.4;
				LD_RUNPATH_SEARCH_PATHS = (
					"$(inherited)",
					"@executable_path/Frameworks",
				);
				MARKETING_VERSION = 1.0;
				PRODUCT_BUNDLE_IDENTIFIER = com.sangnam.BookWorm;
				PRODUCT_NAME = "$(TARGET_NAME)";
				SWIFT_EMIT_LOC_STRINGS = YES;
				SWIFT_VERSION = 5.0;
				TARGETED_DEVICE_FAMILY = "1,2";
			};
			name = Debug;
		};
		D698B5DF2A77D2F400ED3D28 /* Release */ = {
			isa = XCBuildConfiguration;
			buildSettings = {
				ASSETCATALOG_COMPILER_APPICON_NAME = AppIcon;
				ASSETCATALOG_COMPILER_GLOBAL_ACCENT_COLOR_NAME = AccentColor;
				CODE_SIGN_STYLE = Automatic;
				CURRENT_PROJECT_VERSION = 1;
				DEVELOPMENT_TEAM = Y7C6A3W353;
				GENERATE_INFOPLIST_FILE = YES;
				INFOPLIST_FILE = BookWorm/Info.plist;
				INFOPLIST_KEY_UIApplicationSupportsIndirectInputEvents = YES;
				INFOPLIST_KEY_UILaunchStoryboardName = LaunchScreen;
				INFOPLIST_KEY_UIMainStoryboardFile = Main;
				INFOPLIST_KEY_UISupportedInterfaceOrientations_iPad = "UIInterfaceOrientationPortrait UIInterfaceOrientationPortraitUpsideDown UIInterfaceOrientationLandscapeLeft UIInterfaceOrientationLandscapeRight";
				INFOPLIST_KEY_UISupportedInterfaceOrientations_iPhone = "UIInterfaceOrientationPortrait UIInterfaceOrientationLandscapeLeft UIInterfaceOrientationLandscapeRight";
				IPHONEOS_DEPLOYMENT_TARGET = 16.4;
				LD_RUNPATH_SEARCH_PATHS = (
					"$(inherited)",
					"@executable_path/Frameworks",
				);
				MARKETING_VERSION = 1.0;
				PRODUCT_BUNDLE_IDENTIFIER = com.sangnam.BookWorm;
				PRODUCT_NAME = "$(TARGET_NAME)";
				SWIFT_EMIT_LOC_STRINGS = YES;
				SWIFT_VERSION = 5.0;
				TARGETED_DEVICE_FAMILY = "1,2";
			};
			name = Release;
		};
/* End XCBuildConfiguration section */

/* Begin XCConfigurationList section */
		D698B5C42A77D2F200ED3D28 /* Build configuration list for PBXProject "BookWorm" */ = {
			isa = XCConfigurationList;
			buildConfigurations = (
				D698B5DB2A77D2F400ED3D28 /* Debug */,
				D698B5DC2A77D2F400ED3D28 /* Release */,
			);
			defaultConfigurationIsVisible = 0;
			defaultConfigurationName = Release;
		};
		D698B5DD2A77D2F400ED3D28 /* Build configuration list for PBXNativeTarget "BookWorm" */ = {
			isa = XCConfigurationList;
			buildConfigurations = (
				D698B5DE2A77D2F400ED3D28 /* Debug */,
				D698B5DF2A77D2F400ED3D28 /* Release */,
			);
			defaultConfigurationIsVisible = 0;
			defaultConfigurationName = Release;
		};
/* End XCConfigurationList section */
	};
	rootObject = D698B5C12A77D2F200ED3D28 /* Project object */;
}
